
Microsoft Visual Studio Solution File, Format Version 12.00
# Visual Studio Version 16
VisualStudioVersion = 16.0.30717.126
MinimumVisualStudioVersion = 10.0.40219.1
Project("{FAE04EC0-301F-11D3-BF4B-00C04F79EFBC}") = "WindowsFormsApp1", "WindowsFormsApp1\WindowsFormsApp1.csproj", "{090449EC-0020-4846-A9BD-5166D5EB8292}"
EndProject
Global
	GlobalSection(SolutionConfigurationPlatforms) = preSolution
		Debug|Any CPU = Debug|Any CPU
		Release|Any CPU = Release|Any CPU
	EndGlobalSection
	GlobalSection(ProjectConfigurationPlatforms) = postSolution
		{090449EC-0020-4846-A9BD-5166D5EB8292}.Debug|Any CPU.ActiveCfg = Debug|Any CPU
		{090449EC-0020-4846-A9BD-5166D5EB8292}.Debug|Any CPU.Build.0 = Debug|Any CPU
		{090449EC-0020-4846-A9BD-5166D5EB8292}.Release|Any CPU.ActiveCfg = Release|Any CPU
		{090449EC-0020-4846-A9BD-5166D5EB8292}.Release|Any CPU.Build.0 = Release|Any CPU
	EndGlobalSection
	GlobalSection(SolutionProperties) = preSolution
		HideSolutionNode = FALSE
	EndGlobalSection
	GlobalSection(ExtensibilityGlobals) = postSolution
		SolutionGuid = {8958A89C-3159-4D67-9A97-750AFC560B6A}
	EndGlobalSection
EndGlobal
